PODS:
  - boost-for-react-native (1.63.0)
  - CocoaAsyncSocket (7.6.4)
  - CocoaLibEvent (1.0.0)
  - DoubleConversion (1.1.6)
  - FBLazyVector (1000.0.0)
  - FBReactNativeSpec (1000.0.0):
    - RCT-Folly (= 2020.01.13.00)
    - RCTRequired (= 1000.0.0)
    - RCTTypeSafety (= 1000.0.0)
    - React-Core (= 1000.0.0)
    - React-jsi (= 1000.0.0)
    - ReactCommon/turbomodule/core (= 1000.0.0)
  - Flipper (0.30.2):
    - Flipper-Folly (~> 2.1)
    - Flipper-RSocket (~> 1.0)
  - Flipper-DoubleConversion (1.1.7)
  - Flipper-Folly (2.2.0):
    - boost-for-react-native
    - CocoaLibEvent (~> 1.0)
    - Flipper-DoubleConversion
    - Flipper-Glog
    - OpenSSL-Universal (= 1.0.2.19)
  - Flipper-Glog (0.3.6)
  - Flipper-PeerTalk (0.0.4)
  - Flipper-RSocket (1.1.0):
    - Flipper-Folly (~> 2.2)
  - FlipperKit (0.30.2):
    - FlipperKit/Core (= 0.30.2)
  - FlipperKit/Core (0.30.2):
    - Flipper (~> 0.30.2)
    - FlipperKit/CppBridge
    - FlipperKit/FBCxxFollyDynamicConvert
    - FlipperKit/FBDefines
    - FlipperKit/FKPortForwarding
  - FlipperKit/CppBridge (0.30.2):
    - Flipper (~> 0.30.2)
  - FlipperKit/FBCxxFollyDynamicConvert (0.30.2):
    - Flipper-Folly (~> 2.1)
  - FlipperKit/FBDefines (0.30.2)
  - FlipperKit/FKPortForwarding (0.30.2):
    - CocoaAsyncSocket (~> 7.6)
    - Flipper-PeerTalk (~> 0.0.4)
  - FlipperKit/FlipperKitHighlightOverlay (0.30.2)
  - FlipperKit/FlipperKitLayoutPlugin (0.30.2):
    - FlipperKit/Core
    - FlipperKit/FlipperKitHighlightOverlay
    - FlipperKit/FlipperKitLayoutTextSearchable
    - YogaKit (~> 1.18)
  - FlipperKit/FlipperKitLayoutTextSearchable (0.30.2)
  - FlipperKit/FlipperKitNetworkPlugin (0.30.2):
    - FlipperKit/Core
  - FlipperKit/FlipperKitReactPlugin (0.30.2):
    - FlipperKit/Core
  - FlipperKit/FlipperKitUserDefaultsPlugin (0.30.2):
    - FlipperKit/Core
  - FlipperKit/SKIOSNetworkPlugin (0.30.2):
    - FlipperKit/Core
    - FlipperKit/FlipperKitNetworkPlugin
  - glog (0.3.5)
  - hermes (0.5.1)
  - libevent (2.1.11):
    - libevent/core (= 2.1.11)
  - libevent/core (2.1.11):
    - libevent/event2-headers
  - libevent/event2-headers (2.1.11)
  - OpenSSL-Universal (1.0.2.19):
    - OpenSSL-Universal/Static (= 1.0.2.19)
  - OpenSSL-Universal/Static (1.0.2.19)
  - RCT-Folly (2020.01.13.00):
    - boost-for-react-native
    - DoubleConversion
    - glog
    - RCT-Folly/Default (= 2020.01.13.00)
  - RCT-Folly/Default (2020.01.13.00):
    - boost-for-react-native
    - DoubleConversion
    - glog
  - RCT-Folly/Futures (2020.01.13.00):
    - boost-for-react-native
    - DoubleConversion
    - glog
    - libevent
  - RCTRequired (1000.0.0)
  - RCTTypeSafety (1000.0.0):
    - FBLazyVector (= 1000.0.0)
    - RCT-Folly (= 2020.01.13.00)
    - RCTRequired (= 1000.0.0)
    - React-Core (= 1000.0.0)
  - React (1000.0.0):
    - React-Core (= 1000.0.0)
    - React-Core/DevSupport (= 1000.0.0)
    - React-Core/RCTWebSocket (= 1000.0.0)
    - React-RCTActionSheet (= 1000.0.0)
    - React-RCTAnimation (= 1000.0.0)
    - React-RCTBlob (= 1000.0.0)
    - React-RCTImage (= 1000.0.0)
    - React-RCTLinking (= 1000.0.0)
    - React-RCTNetwork (= 1000.0.0)
    - React-RCTSettings (= 1000.0.0)
    - React-RCTText (= 1000.0.0)
    - React-RCTVibration (= 1000.0.0)
  - React-ART (1000.0.0):
    - React-Core/ARTHeaders (= 1000.0.0)
  - React-callinvoker (1000.0.0)
  - React-Core (1000.0.0):
    - glog
    - RCT-Folly (= 2020.01.13.00)
    - React-Core/Default (= 1000.0.0)
    - React-cxxreact (= 1000.0.0)
    - React-jsi (= 1000.0.0)
    - React-jsiexecutor (= 1000.0.0)
    - Yoga
  - React-Core/ARTHeaders (1000.0.0):
    - glog
    - RCT-Folly (= 2020.01.13.00)
    - React-Core/Default
    - React-cxxreact (= 1000.0.0)
    - React-jsi (= 1000.0.0)
    - React-jsiexecutor (= 1000.0.0)
    - Yoga
  - React-Core/CoreModulesHeaders (1000.0.0):
    - glog
    - RCT-Folly (= 2020.01.13.00)
    - React-Core/Default
    - React-cxxreact (= 1000.0.0)
    - React-jsi (= 1000.0.0)
    - React-jsiexecutor (= 1000.0.0)
    - Yoga
  - React-Core/Default (1000.0.0):
    - glog
    - RCT-Folly (= 2020.01.13.00)
    - React-cxxreact (= 1000.0.0)
    - React-jsi (= 1000.0.0)
    - React-jsiexecutor (= 1000.0.0)
    - Yoga
  - React-Core/DevSupport (1000.0.0):
    - glog
    - RCT-Folly (= 2020.01.13.00)
    - React-Core/Default (= 1000.0.0)
    - React-Core/RCTWebSocket (= 1000.0.0)
    - React-cxxreact (= 1000.0.0)
    - React-jsi (= 1000.0.0)
    - React-jsiexecutor (= 1000.0.0)
    - React-jsinspector (= 1000.0.0)
    - Yoga
  - React-Core/Hermes (1000.0.0):
    - glog
    - hermes (~> 0.5.0)
    - RCT-Folly (= 2020.01.13.00)
    - RCT-Folly/Futures
    - React-cxxreact (= 1000.0.0)
    - React-jsi (= 1000.0.0)
    - React-jsiexecutor (= 1000.0.0)
    - Yoga
  - React-Core/RCTActionSheetHeaders (1000.0.0):
    - glog
    - RCT-Folly (= 2020.01.13.00)
    - React-Core/Default
    - React-cxxreact (= 1000.0.0)
    - React-jsi (= 1000.0.0)
    - React-jsiexecutor (= 1000.0.0)
    - Yoga
  - React-Core/RCTAnimationHeaders (1000.0.0):
    - glog
    - RCT-Folly (= 2020.01.13.00)
    - React-Core/Default
    - React-cxxreact (= 1000.0.0)
    - React-jsi (= 1000.0.0)
    - React-jsiexecutor (= 1000.0.0)
    - Yoga
  - React-Core/RCTBlobHeaders (1000.0.0):
    - glog
    - RCT-Folly (= 2020.01.13.00)
    - React-Core/Default
    - React-cxxreact (= 1000.0.0)
    - React-jsi (= 1000.0.0)
    - React-jsiexecutor (= 1000.0.0)
    - Yoga
  - React-Core/RCTImageHeaders (1000.0.0):
    - glog
    - RCT-Folly (= 2020.01.13.00)
    - React-Core/Default
    - React-cxxreact (= 1000.0.0)
    - React-jsi (= 1000.0.0)
    - React-jsiexecutor (= 1000.0.0)
    - Yoga
  - React-Core/RCTLinkingHeaders (1000.0.0):
    - glog
    - RCT-Folly (= 2020.01.13.00)
    - React-Core/Default
    - React-cxxreact (= 1000.0.0)
    - React-jsi (= 1000.0.0)
    - React-jsiexecutor (= 1000.0.0)
    - Yoga
  - React-Core/RCTNetworkHeaders (1000.0.0):
    - glog
    - RCT-Folly (= 2020.01.13.00)
    - React-Core/Default
    - React-cxxreact (= 1000.0.0)
    - React-jsi (= 1000.0.0)
    - React-jsiexecutor (= 1000.0.0)
    - Yoga
  - React-Core/RCTPushNotificationHeaders (1000.0.0):
    - glog
    - RCT-Folly (= 2020.01.13.00)
    - React-Core/Default
    - React-cxxreact (= 1000.0.0)
    - React-jsi (= 1000.0.0)
    - React-jsiexecutor (= 1000.0.0)
    - Yoga
  - React-Core/RCTSettingsHeaders (1000.0.0):
    - glog
    - RCT-Folly (= 2020.01.13.00)
    - React-Core/Default
    - React-cxxreact (= 1000.0.0)
    - React-jsi (= 1000.0.0)
    - React-jsiexecutor (= 1000.0.0)
    - Yoga
  - React-Core/RCTTextHeaders (1000.0.0):
    - glog
    - RCT-Folly (= 2020.01.13.00)
    - React-Core/Default
    - React-cxxreact (= 1000.0.0)
    - React-jsi (= 1000.0.0)
    - React-jsiexecutor (= 1000.0.0)
    - Yoga
  - React-Core/RCTVibrationHeaders (1000.0.0):
    - glog
    - RCT-Folly (= 2020.01.13.00)
    - React-Core/Default
    - React-cxxreact (= 1000.0.0)
    - React-jsi (= 1000.0.0)
    - React-jsiexecutor (= 1000.0.0)
    - Yoga
  - React-Core/RCTWebSocket (1000.0.0):
    - glog
    - RCT-Folly (= 2020.01.13.00)
    - React-Core/Default (= 1000.0.0)
    - React-cxxreact (= 1000.0.0)
    - React-jsi (= 1000.0.0)
    - React-jsiexecutor (= 1000.0.0)
    - Yoga
  - React-CoreModules (1000.0.0):
    - FBReactNativeSpec (= 1000.0.0)
    - RCT-Folly (= 2020.01.13.00)
    - RCTTypeSafety (= 1000.0.0)
    - React-Core/CoreModulesHeaders (= 1000.0.0)
    - React-jsi (= 1000.0.0)
    - React-RCTImage (= 1000.0.0)
    - ReactCommon/turbomodule/core (= 1000.0.0)
  - React-cxxreact (1000.0.0):
    - boost-for-react-native (= 1.63.0)
    - DoubleConversion
    - glog
    - RCT-Folly (= 2020.01.13.00)
    - React-callinvoker (= 1000.0.0)
    - React-jsinspector (= 1000.0.0)
  - React-jsi (1000.0.0):
    - boost-for-react-native (= 1.63.0)
    - DoubleConversion
    - glog
    - RCT-Folly (= 2020.01.13.00)
    - React-jsi/Default (= 1000.0.0)
  - React-jsi/Default (1000.0.0):
    - boost-for-react-native (= 1.63.0)
    - DoubleConversion
    - glog
    - RCT-Folly (= 2020.01.13.00)
  - React-jsiexecutor (1000.0.0):
    - DoubleConversion
    - glog
    - RCT-Folly (= 2020.01.13.00)
    - React-cxxreact (= 1000.0.0)
    - React-jsi (= 1000.0.0)
  - React-jsinspector (1000.0.0)
  - React-RCTActionSheet (1000.0.0):
    - React-Core/RCTActionSheetHeaders (= 1000.0.0)
  - React-RCTAnimation (1000.0.0):
    - FBReactNativeSpec (= 1000.0.0)
    - RCT-Folly (= 2020.01.13.00)
    - RCTTypeSafety (= 1000.0.0)
    - React-Core/RCTAnimationHeaders (= 1000.0.0)
    - React-jsi (= 1000.0.0)
    - ReactCommon/turbomodule/core (= 1000.0.0)
  - React-RCTBlob (1000.0.0):
    - FBReactNativeSpec (= 1000.0.0)
    - RCT-Folly (= 2020.01.13.00)
    - React-Core/RCTBlobHeaders (= 1000.0.0)
    - React-Core/RCTWebSocket (= 1000.0.0)
    - React-jsi (= 1000.0.0)
    - React-RCTNetwork (= 1000.0.0)
    - ReactCommon/turbomodule/core (= 1000.0.0)
  - React-RCTImage (1000.0.0):
    - FBReactNativeSpec (= 1000.0.0)
    - RCT-Folly (= 2020.01.13.00)
    - RCTTypeSafety (= 1000.0.0)
    - React-Core/RCTImageHeaders (= 1000.0.0)
    - React-jsi (= 1000.0.0)
    - React-RCTNetwork (= 1000.0.0)
    - ReactCommon/turbomodule/core (= 1000.0.0)
  - React-RCTLinking (1000.0.0):
    - FBReactNativeSpec (= 1000.0.0)
    - React-Core/RCTLinkingHeaders (= 1000.0.0)
    - React-jsi (= 1000.0.0)
    - ReactCommon/turbomodule/core (= 1000.0.0)
  - React-RCTNetwork (1000.0.0):
    - FBReactNativeSpec (= 1000.0.0)
    - RCT-Folly (= 2020.01.13.00)
    - RCTTypeSafety (= 1000.0.0)
    - React-Core/RCTNetworkHeaders (= 1000.0.0)
    - React-jsi (= 1000.0.0)
    - ReactCommon/turbomodule/core (= 1000.0.0)
  - React-RCTPushNotification (1000.0.0):
    - FBReactNativeSpec (= 1000.0.0)
    - RCTTypeSafety (= 1000.0.0)
    - React-Core/RCTPushNotificationHeaders (= 1000.0.0)
    - React-jsi (= 1000.0.0)
    - ReactCommon/turbomodule/core (= 1000.0.0)
  - React-RCTSettings (1000.0.0):
    - FBReactNativeSpec (= 1000.0.0)
    - RCT-Folly (= 2020.01.13.00)
    - RCTTypeSafety (= 1000.0.0)
    - React-Core/RCTSettingsHeaders (= 1000.0.0)
    - React-jsi (= 1000.0.0)
    - ReactCommon/turbomodule/core (= 1000.0.0)
  - React-RCTTest (1000.0.0):
    - RCT-Folly (= 2020.01.13.00)
    - React-Core (= 1000.0.0)
    - React-CoreModules (= 1000.0.0)
    - React-jsi (= 1000.0.0)
    - ReactCommon/turbomodule/core (= 1000.0.0)
  - React-RCTText (1000.0.0):
    - React-Core/RCTTextHeaders (= 1000.0.0)
  - React-RCTVibration (1000.0.0):
    - FBReactNativeSpec (= 1000.0.0)
    - RCT-Folly (= 2020.01.13.00)
    - React-Core/RCTVibrationHeaders (= 1000.0.0)
    - React-jsi (= 1000.0.0)
    - ReactCommon/turbomodule/core (= 1000.0.0)
  - React-TurboModuleCxx-MacOS (1000.0.0):
    - React-callinvoker (= 1000.0.0)
  - React-TurboModuleCxx-RNW (1000.0.0):
    - React-callinvoker (= 1000.0.0)
    - ReactCommon/turbomodule/core (= 1000.0.0)
  - ReactCommon/turbomodule/core (1000.0.0):
    - DoubleConversion
    - glog
    - RCT-Folly (= 2020.01.13.00)
    - React-callinvoker (= 1000.0.0)
    - React-Core (= 1000.0.0)
    - React-cxxreact (= 1000.0.0)
    - React-jsi (= 1000.0.0)
  - ReactCommon/turbomodule/samples (1000.0.0):
    - DoubleConversion
    - glog
    - RCT-Folly (= 2020.01.13.00)
    - React-callinvoker (= 1000.0.0)
    - React-Core (= 1000.0.0)
    - React-cxxreact (= 1000.0.0)
    - React-jsi (= 1000.0.0)
    - ReactCommon/turbomodule/core (= 1000.0.0)
  - Yoga (1.14.0)
  - YogaKit (1.18.1):
    - Yoga (~> 1.14)

DEPENDENCIES:
  - boost-for-react-native (from `../third-party-podspecs/boost-for-react-native.podspec`)
  - DoubleConversion (from `../third-party-podspecs/DoubleConversion.podspec`)
  - FBLazyVector (from `../Libraries/FBLazyVector`)
  - FBReactNativeSpec (from `../Libraries/FBReactNativeSpec`)
  - FlipperKit (~> 0.30.1)
  - FlipperKit/FlipperKitLayoutPlugin (~> 0.30.1)
  - FlipperKit/FlipperKitReactPlugin (~> 0.30.1)
  - FlipperKit/FlipperKitUserDefaultsPlugin (~> 0.30.1)
  - FlipperKit/SKIOSNetworkPlugin (~> 0.30.1)
  - glog (from `../third-party-podspecs/glog.podspec`)
  - hermes (from `../node_modules/hermes-engine-darwin`)
  - libevent (from `../third-party-podspecs/libevent.podspec`)
  - RCT-Folly (from `../third-party-podspecs/RCT-Folly.podspec`)
  - RCTRequired (from `../Libraries/RCTRequired`)
  - RCTTypeSafety (from `../Libraries/TypeSafety`)
  - React (from `../`)
  - React-ART (from `../Libraries/ART`)
  - React-callinvoker (from `../ReactCommon/callinvoker`)
  - React-Core (from `../`)
  - React-Core/DevSupport (from `../`)
  - React-Core/Hermes (from `../`)
  - React-Core/RCTWebSocket (from `../`)
  - React-CoreModules (from `../React/CoreModules`)
  - React-cxxreact (from `../ReactCommon/cxxreact`)
  - React-jsi (from `../ReactCommon/jsi`)
  - React-jsiexecutor (from `../ReactCommon/jsiexecutor`)
  - React-jsinspector (from `../ReactCommon/jsinspector`)
  - React-RCTActionSheet (from `../Libraries/ActionSheetIOS`)
  - React-RCTAnimation (from `../Libraries/NativeAnimation`)
  - React-RCTBlob (from `../Libraries/Blob`)
  - React-RCTImage (from `../Libraries/Image`)
  - React-RCTLinking (from `../Libraries/LinkingIOS`)
  - React-RCTNetwork (from `../Libraries/Network`)
  - React-RCTPushNotification (from `../Libraries/PushNotificationIOS`)
  - React-RCTSettings (from `../Libraries/Settings`)
  - React-RCTTest (from `./RCTTest`)
  - React-RCTText (from `../Libraries/Text`)
  - React-RCTVibration (from `../Libraries/Vibration`)
  - React-TurboModuleCxx-MacOS (from `../ReactTurboModuleCxx`)
  - React-TurboModuleCxx-RNW (from `../ReactTurboModuleCxx/React-TurboModuleCxx-RNW.podspec`)
  - ReactCommon/turbomodule/core (from `../ReactCommon`)
  - ReactCommon/turbomodule/samples (from `../ReactCommon`)
  - Yoga (from `../ReactCommon/yoga`)

SPEC REPOS:
  https://cdn.cocoapods.org/:
    - CocoaAsyncSocket
    - CocoaLibEvent
    - Flipper
    - Flipper-DoubleConversion
    - Flipper-Folly
    - Flipper-Glog
    - Flipper-PeerTalk
    - Flipper-RSocket
    - FlipperKit
    - OpenSSL-Universal
    - YogaKit

EXTERNAL SOURCES:
  boost-for-react-native:
    :podspec: "../third-party-podspecs/boost-for-react-native.podspec"
  DoubleConversion:
    :podspec: "../third-party-podspecs/DoubleConversion.podspec"
  FBLazyVector:
    :path: "../Libraries/FBLazyVector"
  FBReactNativeSpec:
    :path: "../Libraries/FBReactNativeSpec"
  glog:
    :podspec: "../third-party-podspecs/glog.podspec"
  hermes:
    :path: "../node_modules/hermes-engine-darwin"
  libevent:
    :podspec: "../third-party-podspecs/libevent.podspec"
  RCT-Folly:
    :podspec: "../third-party-podspecs/RCT-Folly.podspec"
  RCTRequired:
    :path: "../Libraries/RCTRequired"
  RCTTypeSafety:
    :path: "../Libraries/TypeSafety"
  React:
    :path: "../"
  React-ART:
    :path: "../Libraries/ART"
  React-callinvoker:
    :path: "../ReactCommon/callinvoker"
  React-Core:
    :path: "../"
  React-CoreModules:
    :path: "../React/CoreModules"
  React-cxxreact:
    :path: "../ReactCommon/cxxreact"
  React-jsi:
    :path: "../ReactCommon/jsi"
  React-jsiexecutor:
    :path: "../ReactCommon/jsiexecutor"
  React-jsinspector:
    :path: "../ReactCommon/jsinspector"
  React-RCTActionSheet:
    :path: "../Libraries/ActionSheetIOS"
  React-RCTAnimation:
    :path: "../Libraries/NativeAnimation"
  React-RCTBlob:
    :path: "../Libraries/Blob"
  React-RCTImage:
    :path: "../Libraries/Image"
  React-RCTLinking:
    :path: "../Libraries/LinkingIOS"
  React-RCTNetwork:
    :path: "../Libraries/Network"
  React-RCTPushNotification:
    :path: "../Libraries/PushNotificationIOS"
  React-RCTSettings:
    :path: "../Libraries/Settings"
  React-RCTTest:
    :path: "./RCTTest"
  React-RCTText:
    :path: "../Libraries/Text"
  React-RCTVibration:
    :path: "../Libraries/Vibration"
  React-TurboModuleCxx-MacOS:
    :path: "../ReactTurboModuleCxx"
  React-TurboModuleCxx-RNW:
    :podspec: "../ReactTurboModuleCxx/React-TurboModuleCxx-RNW.podspec"
  ReactCommon:
    :path: "../ReactCommon"
  Yoga:
    :path: "../ReactCommon/yoga"

SPEC CHECKSUMS:
  boost-for-react-native: dabda8622e76020607c2ae1e65cc0cda8b61479d
  CocoaAsyncSocket: 694058e7c0ed05a9e217d1b3c7ded962f4180845
  CocoaLibEvent: 2fab71b8bd46dd33ddb959f7928ec5909f838e3f
  DoubleConversion: 56a44bcfd14ab2ff66f5a146b2e875eb4b69b19b
  FBLazyVector: 55d286f331e0573afc4d5c79baa6091b07f3a748
  FBReactNativeSpec: 9640988407622548f38138a5fca3d2ba79dc32a0
  Flipper: 10b225e352595f521be0e5badddd90e241336e89
  Flipper-DoubleConversion: 38631e41ef4f9b12861c67d17cb5518d06badc41
  Flipper-Folly: c12092ea368353b58e992843a990a3225d4533c3
  Flipper-Glog: 1dfd6abf1e922806c52ceb8701a3599a79a200a6
  Flipper-PeerTalk: 116d8f857dc6ef55c7a5a75ea3ceaafe878aadc9
  Flipper-RSocket: 64e7431a55835eb953b0bf984ef3b90ae9fdddd7
  FlipperKit: 88b7f0d0cf907ddc2137b85eeb7f3d4d8d9395c8
  glog: 1cb7c408c781ae8f35bbababe459b45e3dee4ec1
  hermes: 12d049af0d8e8379c5b3b54ffb1919d670045bdc
  libevent: ee9265726a1fc599dea382964fa304378affaa5f
  OpenSSL-Universal: 8b48cc0d10c1b2923617dfe5c178aa9ed2689355
  RCT-Folly: 1347093ffe75e152d846f7e45a3ef901b60021aa
  RCTRequired: 932278b1246f1b814790fd08689ba24c93e26d54
  RCTTypeSafety: 2d2c9fbe7fd0b6280cac83c70ee9ee0fc1ffe8db
  React: 33fe4afe95f5374becef2e4d028ca981ba3ae787
  React-ART: 4e117fa776979babbe006a0fdca128af92bf6ebd
  React-callinvoker: 39c11f487b7bb5716bb6cc28e4e061949ef3df47
  React-Core: a585ce70bab53354938437a5374f2ce8e06ba6ff
  React-CoreModules: 27208ad8bd42aed07b85c79f3ea96e5eb994e808
  React-cxxreact: e0a995e33074bf5f861334d872d7cd84392a1724
  React-jsi: 7d7ee6ff201f6f1561a20c18715667f5ef9d6dbe
  React-jsiexecutor: 86c6c7717463feb930d67a487f113c3f13cbafe8
  React-jsinspector: 8f867bf80556d3df8fb67bac58abfaab7bcf6dc6
  React-RCTActionSheet: cb3cdd53b6ab1038ed6726cf80111df08669d6fa
  React-RCTAnimation: 0ff8aafafdb638060dd53d11d115ab0a392461ac
  React-RCTBlob: 29b0fe957c959e1d22801e84f62e086bc545e459
  React-RCTImage: 1ce913680e76a248b84b11121c1a6a690266e43a
  React-RCTLinking: 567f6359677e699e4e2267a1b4609cad104934d4
  React-RCTNetwork: 93f1d6df58a61b41ade8d6a56ed11847e86a80a6
  React-RCTPushNotification: 7106d6058ccaf2ada3bab447eaf8c29725b7dd96
  React-RCTSettings: 88f00b36c95f6a0b7c001553b069399dcca10db9
  React-RCTTest: 787c28ab893f4d7756c14cff73c67b37734e2f46
  React-RCTText: 43db6b4334621bc5c444462086a2ed1a32b00cf9
  React-RCTVibration: 163f855ec8cce2ecffd3fff99a39a320880fc911
  React-TurboModuleCxx-MacOS: 0059a08fdfe39f931f67c52e4a96e953caa1186c
  React-TurboModuleCxx-RNW: d3276fd9b0132c54d92855fefeb86cf492498294
  ReactCommon: 2aaedf181959b333015cf26d12361ac72b1ea4ab
  Yoga: 82afb87d8da4dfa6a03a4a28b54fdfacc2ca08c0
  YogaKit: f782866e155069a2cca2517aafea43200b01fd5a

PODFILE CHECKSUM: 19143a52a1d25716eadf2f4696aeed1e4b76602f

COCOAPODS: 1.8.4
